// !$*UTF8*$!
{
	archiveVersion = 1;
	classes = {
	};
	objectVersion = 46;
	objects = {

/* Begin PBXBuildFile section */
		A22A70061BA7A54000CF895A /* AppDelegate.swift in Sources */ = {isa = PBXBuildFile; fileRef = A22A70051BA7A54000CF895A /* AppDelegate.swift */; };
		A22A70081BA7A54000CF895A /* RootViewController.swift in Sources */ = {isa = PBXBuildFile; fileRef = A22A70071BA7A54000CF895A /* RootViewController.swift */; };
		A22A700B1BA7A54000CF895A /* Main.storyboard in Resources */ = {isa = PBXBuildFile; fileRef = A22A70091BA7A54000CF895A /* Main.storyboard */; };
		A22A700D1BA7A54000CF895A /* Images.xcassets in Resources */ = {isa = PBXBuildFile; fileRef = A22A700C1BA7A54000CF895A /* Images.xcassets */; };
		A22A70101BA7A54000CF895A /* LaunchScreen.xib in Resources */ = {isa = PBXBuildFile; fileRef = A22A700E1BA7A54000CF895A /* LaunchScreen.xib */; };
		A22A701C1BA7A54000CF895A /* SimpleBSTests.swift in Sources */ = {isa = PBXBuildFile; fileRef = A22A701B1BA7A54000CF895A /* SimpleBSTests.swift */; };
		A28E5BC21BB2410400E97695 /* TraceRoute.m in Sources */ = {isa = PBXBuildFile; fileRef = A28E5BC11BB2410400E97695 /* TraceRoute.m */; };
		A28E5BC61BB2413300E97695 /* BDHost.m in Sources */ = {isa = PBXBuildFile; fileRef = A28E5BC51BB2413300E97695 /* BDHost.m */; };
		A28E5BC91BB2414100E97695 /* Hop.m in Sources */ = {isa = PBXBuildFile; fileRef = A28E5BC81BB2414100E97695 /* Hop.m */; };
		A28E5BCB1BB25BFA00E97695 /* TraceRouteViewController.swift in Sources */ = {isa = PBXBuildFile; fileRef = A28E5BCA1BB25BFA00E97695 /* TraceRouteViewController.swift */; };
		A2B711DB1BACA932006614B7 /* CDZPinger.m in Sources */ = {isa = PBXBuildFile; fileRef = A2B711DA1BACA932006614B7 /* CDZPinger.m */; };
		A2B711DE1BACA965006614B7 /* SimplePing.m in Sources */ = {isa = PBXBuildFile; fileRef = A2B711DD1BACA965006614B7 /* SimplePing.m */; };
		A2B7C7AC1BAA3C72003A525F /* PingTestViewController.swift in Sources */ = {isa = PBXBuildFile; fileRef = A2B7C7AB1BAA3C72003A525F /* PingTestViewController.swift */; };
/* End PBXBuildFile section */

/* Begin PBXContainerItemProxy section */
		A22A70161BA7A54000CF895A /* PBXContainerItemProxy */ = {
			isa = PBXContainerItemProxy;
			containerPortal = A22A6FF81BA7A54000CF895A /* Project object */;
			proxyType = 1;
			remoteGlobalIDString = A22A6FFF1BA7A54000CF895A;
			remoteInfo = SimpleBS;
		};
/* End PBXContainerItemProxy section */

/* Begin PBXFileReference section */
		A22A70001BA7A54000CF895A /* SimpleBS.app */ = {isa = PBXFileReference; explicitFileType = wrapper.application; includeInIndex = 0; path = SimpleBS.app; sourceTree = BUILT_PRODUCTS_DIR; };
		A22A70041BA7A54000CF895A /* Info.plist */ = {isa = PBXFileReference; lastKnownFileType = text.plist.xml; path = Info.plist; sourceTree = "<group>"; };
		A22A70051BA7A54000CF895A /* AppDelegate.swift */ = {isa = PBXFileReference; lastKnownFileType = sourcecode.swift; path = AppDelegate.swift; sourceTree = "<group>"; };
		A22A70071BA7A54000CF895A /* RootViewController.swift */ = {isa = PBXFileReference; lastKnownFileType = sourcecode.swift; path = RootViewController.swift; sourceTree = "<group>"; };
		A22A700A1BA7A54000CF895A /* Base */ = {isa = PBXFileReference; lastKnownFileType = file.storyboard; name = Base; path = Base.lproj/Main.storyboard; sourceTree = "<group>"; };
		A22A700C1BA7A54000CF895A /* Images.xcassets */ = {isa = PBXFileReference; lastKnownFileType = folder.assetcatalog; path = Images.xcassets; sourceTree = "<group>"; };
		A22A700F1BA7A54000CF895A /* Base */ = {isa = PBXFileReference; lastKnownFileType = file.xib; name = Base; path = Base.lproj/LaunchScreen.xib; sourceTree = "<group>"; };
		A22A70151BA7A54000CF895A /* SimpleBSTests.xctest */ = {isa = PBXFileReference; explicitFileType = wrapper.cfbundle; includeInIndex = 0; path = SimpleBSTests.xctest; sourceTree = BUILT_PRODUCTS_DIR; };
		A22A701A1BA7A54000CF895A /* Info.plist */ = {isa = PBXFileReference; lastKnownFileType = text.plist.xml; path = Info.plist; sourceTree = "<group>"; };
		A22A701B1BA7A54000CF895A /* SimpleBSTests.swift */ = {isa = PBXFileReference; lastKnownFileType = sourcecode.swift; path = SimpleBSTests.swift; sourceTree = "<group>"; };
		A28E5BC01BB2410400E97695 /* TraceRoute.h */ = {isa = PBXFileReference; fileEncoding = 4; lastKnownFileType = sourcecode.c.h; path = TraceRoute.h; sourceTree = "<group>"; };
		A28E5BC11BB2410400E97695 /* TraceRoute.m */ = {isa = PBXFileReference; fileEncoding = 4; lastKnownFileType = sourcecode.c.objc; path = TraceRoute.m; sourceTree = "<group>"; };
		A28E5BC41BB2413300E97695 /* BDHost.h */ = {isa = PBXFileReference; fileEncoding = 4; lastKnownFileType = sourcecode.c.h; path = BDHost.h; sourceTree = "<group>"; };
		A28E5BC51BB2413300E97695 /* BDHost.m */ = {isa = PBXFileReference; fileEncoding = 4; lastKnownFileType = sourcecode.c.objc; path = BDHost.m; sourceTree = "<group>"; };
		A28E5BC71BB2414100E97695 /* Hop.h */ = {isa = PBXFileReference; fileEncoding = 4; lastKnownFileType = sourcecode.c.h; name = Hop.h; path = Libraries/Hop.h; sourceTree = "<group>"; };
		A28E5BC81BB2414100E97695 /* Hop.m */ = {isa = PBXFileReference; fileEncoding = 4; lastKnownFileType = sourcecode.c.objc; name = Hop.m; path = Libraries/Hop.m; sourceTree = "<group>"; };
		A28E5BCA1BB25BFA00E97695 /* TraceRouteViewController.swift */ = {isa = PBXFileReference; fileEncoding = 4; lastKnownFileType = sourcecode.swift; path = TraceRouteViewController.swift; sourceTree = "<group>"; };
		A2B711D81BACA931006614B7 /* SimpleBS-Bridging-Header.h */ = {isa = PBXFileReference; lastKnownFileType = sourcecode.c.h; path = "SimpleBS-Bridging-Header.h"; sourceTree = "<group>"; };
		A2B711D91BACA932006614B7 /* CDZPinger.h */ = {isa = PBXFileReference; fileEncoding = 4; lastKnownFileType = sourcecode.c.h; path = CDZPinger.h; sourceTree = "<group>"; };
		A2B711DA1BACA932006614B7 /* CDZPinger.m */ = {isa = PBXFileReference; fileEncoding = 4; lastKnownFileType = sourcecode.c.objc; path = CDZPinger.m; sourceTree = "<group>"; };
		A2B711DC1BACA965006614B7 /* SimplePing.h */ = {isa = PBXFileReference; fileEncoding = 4; lastKnownFileType = sourcecode.c.h; path = SimplePing.h; sourceTree = "<group>"; };
		A2B711DD1BACA965006614B7 /* SimplePing.m */ = {isa = PBXFileReference; fileEncoding = 4; lastKnownFileType = sourcecode.c.objc; path = SimplePing.m; sourceTree = "<group>"; };
		A2B7C7AB1BAA3C72003A525F /* PingTestViewController.swift */ = {isa = PBXFileReference; fileEncoding = 4; lastKnownFileType = sourcecode.swift; path = PingTestViewController.swift; sourceTree = "<group>"; };
/* End PBXFileReference section */

/* Begin PBXFrameworksBuildPhase section */
		A22A6FFD1BA7A54000CF895A /* Frameworks */ = {
			isa = PBXFrameworksBuildPhase;
			buildActionMask = 2147483647;
			files = (
			);
			runOnlyForDeploymentPostprocessing = 0;
		};
		A22A70121BA7A54000CF895A /* Frameworks */ = {
			isa = PBXFrameworksBuildPhase;
			buildActionMask = 2147483647;
			files = (
			);
			runOnlyForDeploymentPostprocessing = 0;
		};
/* End PBXFrameworksBuildPhase section */

/* Begin PBXGroup section */
		A22A6FF71BA7A54000CF895A = {
			isa = PBXGroup;
			children = (
				A22A70021BA7A54000CF895A /* SimpleBS */,
				A22A70181BA7A54000CF895A /* SimpleBSTests */,
				A22A70011BA7A54000CF895A /* Products */,
			);
			sourceTree = "<group>";
		};
		A22A70011BA7A54000CF895A /* Products */ = {
			isa = PBXGroup;
			children = (
				A22A70001BA7A54000CF895A /* SimpleBS.app */,
				A22A70151BA7A54000CF895A /* SimpleBSTests.xctest */,
			);
			name = Products;
			sourceTree = "<group>";
		};
		A22A70021BA7A54000CF895A /* SimpleBS */ = {
			isa = PBXGroup;
			children = (
				A22A70051BA7A54000CF895A /* AppDelegate.swift */,
				A22A70071BA7A54000CF895A /* RootViewController.swift */,
				A2B7C7AB1BAA3C72003A525F /* PingTestViewController.swift */,
				A28E5BCA1BB25BFA00E97695 /* TraceRouteViewController.swift */,
				A22A70091BA7A54000CF895A /* Main.storyboard */,
				A22A700C1BA7A54000CF895A /* Images.xcassets */,
				A22A70031BA7A54000CF895A /* Supporting Files */,
			);
			path = SimpleBS;
			sourceTree = "<group>";
		};
		A22A70031BA7A54000CF895A /* Supporting Files */ = {
			isa = PBXGroup;
			children = (
				A28E5BBF1BB240D900E97695 /* Traceroute */,
				A28E5BBE1BB23D0A00E97695 /* Ping */,
				A22A70041BA7A54000CF895A /* Info.plist */,
				A22A700E1BA7A54000CF895A /* LaunchScreen.xib */,
				A2B711D81BACA931006614B7 /* SimpleBS-Bridging-Header.h */,
			);
			name = "Supporting Files";
			sourceTree = "<group>";
		};
		A22A70181BA7A54000CF895A /* SimpleBSTests */ = {
			isa = PBXGroup;
			children = (
				A22A701B1BA7A54000CF895A /* SimpleBSTests.swift */,
				A22A70191BA7A54000CF895A /* Supporting Files */,
			);
			path = SimpleBSTests;
			sourceTree = "<group>";
		};
		A22A70191BA7A54000CF895A /* Supporting Files */ = {
			isa = PBXGroup;
			children = (
				A22A701A1BA7A54000CF895A /* Info.plist */,
			);
			name = "Supporting Files";
			sourceTree = "<group>";
		};
		A28E5BBE1BB23D0A00E97695 /* Ping */ = {
			isa = PBXGroup;
			children = (
				A2B711D91BACA932006614B7 /* CDZPinger.h */,
				A2B711DA1BACA932006614B7 /* CDZPinger.m */,
				A2B711DC1BACA965006614B7 /* SimplePing.h */,
				A2B711DD1BACA965006614B7 /* SimplePing.m */,
			);
			name = Ping;
			sourceTree = "<group>";
		};
		A28E5BBF1BB240D900E97695 /* Traceroute */ = {
			isa = PBXGroup;
			children = (
				A28E5BC31BB2413300E97695 /* Libraries */,
				A28E5BC71BB2414100E97695 /* Hop.h */,
				A28E5BC81BB2414100E97695 /* Hop.m */,
				A28E5BC01BB2410400E97695 /* TraceRoute.h */,
				A28E5BC11BB2410400E97695 /* TraceRoute.m */,
			);
			name = Traceroute;
			sourceTree = "<group>";
		};
		A28E5BC31BB2413300E97695 /* Libraries */ = {
			isa = PBXGroup;
			children = (
				A28E5BC41BB2413300E97695 /* BDHost.h */,
				A28E5BC51BB2413300E97695 /* BDHost.m */,
			);
			path = Libraries;
			sourceTree = "<group>";
		};
/* End PBXGroup section */

/* Begin PBXNativeTarget section */
		A22A6FFF1BA7A54000CF895A /* SimpleBS */ = {
			isa = PBXNativeTarget;
			buildConfigurationList = A22A701F1BA7A54000CF895A /* Build configuration list for PBXNativeTarget "SimpleBS" */;
			buildPhases = (
				A22A6FFC1BA7A54000CF895A /* Sources */,
				A22A6FFD1BA7A54000CF895A /* Frameworks */,
				A22A6FFE1BA7A54000CF895A /* Resources */,
			);
			buildRules = (
			);
			dependencies = (
			);
			name = SimpleBS;
			productName = SimpleBS;
			productReference = A22A70001BA7A54000CF895A /* SimpleBS.app */;
			productType = "com.apple.product-type.application";
		};
		A22A70141BA7A54000CF895A /* SimpleBSTests */ = {
			isa = PBXNativeTarget;
			buildConfigurationList = A22A70221BA7A54000CF895A /* Build configuration list for PBXNativeTarget "SimpleBSTests" */;
			buildPhases = (
				A22A70111BA7A54000CF895A /* Sources */,
				A22A70121BA7A54000CF895A /* Frameworks */,
				A22A70131BA7A54000CF895A /* Resources */,
			);
			buildRules = (
			);
			dependencies = (
				A22A70171BA7A54000CF895A /* PBXTargetDependency */,
			);
			name = SimpleBSTests;
			productName = SimpleBSTests;
			productReference = A22A70151BA7A54000CF895A /* SimpleBSTests.xctest */;
			productType = "com.apple.product-type.bundle.unit-test";
		};
/* End PBXNativeTarget section */

/* Begin PBXProject section */
		A22A6FF81BA7A54000CF895A /* Project object */ = {
			isa = PBXProject;
			attributes = {
				LastUpgradeCheck = 0640;
				ORGANIZATIONNAME = bin1991;
				TargetAttributes = {
					A22A6FFF1BA7A54000CF895A = {
						CreatedOnToolsVersion = 6.4;
					};
					A22A70141BA7A54000CF895A = {
						CreatedOnToolsVersion = 6.4;
						TestTargetID = A22A6FFF1BA7A54000CF895A;
					};
				};
			};
			buildConfigurationList = A22A6FFB1BA7A54000CF895A /* Build configuration list for PBXProject "SimpleBS" */;
			compatibilityVersion = "Xcode 3.2";
			developmentRegion = English;
			hasScannedForEncodings = 0;
			knownRegions = (
				en,
				Base,
			);
			mainGroup = A22A6FF71BA7A54000CF895A;
			productRefGroup = A22A70011BA7A54000CF895A /* Products */;
			projectDirPath = "";
			projectRoot = "";
			targets = (
				A22A6FFF1BA7A54000CF895A /* SimpleBS */,
				A22A70141BA7A54000CF895A /* SimpleBSTests */,
			);
		};
/* End PBXProject section */

/* Begin PBXResourcesBuildPhase section */
		A22A6FFE1BA7A54000CF895A /* Resources */ = {
			isa = PBXResourcesBuildPhase;
			buildActionMask = 2147483647;
			files = (
				A22A700B1BA7A54000CF895A /* Main.storyboard in Resources */,
				A22A70101BA7A54000CF895A /* LaunchScreen.xib in Resources */,
				A22A700D1BA7A54000CF895A /* Images.xcassets in Resources */,
			);
			runOnlyForDeploymentPostprocessing = 0;
		};
		A22A70131BA7A54000CF895A /* Resources */ = {
			isa = PBXResourcesBuildPhase;
			buildActionMask = 2147483647;
			files = (
			);
			runOnlyForDeploymentPostprocessing = 0;
		};
/* End PBXResourcesBuildPhase section */

/* Begin PBXSourcesBuildPhase section */
		A22A6FFC1BA7A54000CF895A /* Sources */ = {
			isa = PBXSourcesBuildPhase;
			buildActionMask = 2147483647;
			files = (
				A2B711DB1BACA932006614B7 /* CDZPinger.m in Sources */,
				A22A70081BA7A54000CF895A /* RootViewController.swift in Sources */,
				A22A70061BA7A54000CF895A /* AppDelegate.swift in Sources */,
				A2B711DE1BACA965006614B7 /* SimplePing.m in Sources */,
				A2B7C7AC1BAA3C72003A525F /* PingTestViewController.swift in Sources */,
				A28E5BCB1BB25BFA00E97695 /* TraceRouteViewController.swift in Sources */,
				A28E5BC21BB2410400E97695 /* TraceRoute.m in Sources */,
				A28E5BC61BB2413300E97695 /* BDHost.m in Sources */,
				A28E5BC91BB2414100E97695 /* Hop.m in Sources */,
			);
			runOnlyForDeploymentPostprocessing = 0;
		};
		A22A70111BA7A54000CF895A /* Sources */ = {
			isa = PBXSourcesBuildPhase;
			buildActionMask = 2147483647;
			files = (
				A22A701C1BA7A54000CF895A /* SimpleBSTests.swift in Sources */,
			);
			runOnlyForDeploymentPostprocessing = 0;
		};
/* End PBXSourcesBuildPhase section */

/* Begin PBXTargetDependency section */
		A22A70171BA7A54000CF895A /* PBXTargetDependency */ = {
			isa = PBXTargetDependency;
			target = A22A6FFF1BA7A54000CF895A /* SimpleBS */;
			targetProxy = A22A70161BA7A54000CF895A /* PBXContainerItemProxy */;
		};
/* End PBXTargetDependency section */

/* Begin PBXVariantGroup section */
		A22A70091BA7A54000CF895A /* Main.storyboard */ = {
			isa = PBXVariantGroup;
			children = (
				A22A700A1BA7A54000CF895A /* Base */,
			);
			name = Main.storyboard;
			sourceTree = "<group>";
		};
		A22A700E1BA7A54000CF895A /* LaunchScreen.xib */ = {
			isa = PBXVariantGroup;
			children = (
				A22A700F1BA7A54000CF895A /* Base */,
			);
			name = LaunchScreen.xib;
			sourceTree = "<group>";
		};
/* End PBXVariantGroup section */

/* Begin XCBuildConfiguration section */
		A22A701D1BA7A54000CF895A /* Debug */ = {
			isa = XCBuildConfiguration;
			buildSettings = {
				ALWAYS_SEARCH_USER_PATHS = NO;
				CLANG_CXX_LANGUAGE_STANDARD = "gnu++0x";
				CLANG_CXX_LIBRARY = "libc++";
				CLANG_ENABLE_MODULES = YES;
				CLANG_ENABLE_OBJC_ARC = YES;
				CLANG_WARN_BOOL_CONVERSION = YES;
				CLANG_WARN_CONSTANT_CONVERSION = YES;
				CLANG_WARN_DIRECT_OBJC_ISA_USAGE = YES_ERROR;
				CLANG_WARN_EMPTY_BODY = YES;
				CLANG_WARN_ENUM_CONVERSION = YES;
				CLANG_WARN_INT_CONVERSION = YES;
				CLANG_WARN_OBJC_ROOT_CLASS = YES_ERROR;
				CLANG_WARN_UNREACHABLE_CODE = YES;
				CLANG_WARN__DUPLICATE_METHOD_MATCH = YES;
				"CODE_SIGN_IDENTITY[sdk=iphoneos*]" = "iPhone Developer";
				COPY_PHASE_STRIP = NO;
				DEBUG_INFORMATION_FORMAT = "dwarf-with-dsym";
				ENABLE_STRICT_OBJC_MSGSEND = YES;
				GCC_C_LANGUAGE_STANDARD = gnu99;
				GCC_DYNAMIC_NO_PIC = NO;
				GCC_NO_COMMON_BLOCKS = YES;
				GCC_OPTIMIZATION_LEVEL = 0;
				GCC_PREPROCESSOR_DEFINITIONS = (
					"DEBUG=1",
					"$(inherited)",
				);
				GCC_SYMBOLS_PRIVATE_EXTERN = NO;
				GCC_WARN_64_TO_32_BIT_CONVERSION = YES;
				GCC_WARN_ABOUT_RETURN_TYPE = YES_ERROR;
				GCC_WARN_UNDECLARED_SELECTOR = YES;
				GCC_WARN_UNINITIALIZED_AUTOS = YES_AGGRESSIVE;
				GCC_WARN_UNUSED_FUNCTION = YES;
				GCC_WARN_UNUSED_VARIABLE = YES;
				IPHONEOS_DEPLOYMENT_TARGET = 8.4;
				MTL_ENABLE_DEBUG_INFO = YES;
				ONLY_ACTIVE_ARCH = YES;
				SDKROOT = iphoneos;
				SWIFT_OPTIMIZATION_LEVEL = "-Onone";
			};
			name = Debug;
		};
		A22A701E1BA7A54000CF895A /* Release */ = {
			isa = XCBuildConfiguration;
			buildSettings = {
				ALWAYS_SEARCH_USER_PATHS = NO;
				CLANG_CXX_LANGUAGE_STANDARD = "gnu++0x";
				CLANG_CXX_LIBRARY = "libc++";
				CLANG_ENABLE_MODULES = YES;
				CLANG_ENABLE_OBJC_ARC = YES;
				CLANG_WARN_BOOL_CONVERSION = YES;
				CLANG_WARN_CONSTANT_CONVERSION = YES;
				CLANG_WARN_DIRECT_OBJC_ISA_USAGE = YES_ERROR;
				CLANG_WARN_EMPTY_BODY = YES;
				CLANG_WARN_ENUM_CONVERSION = YES;
				CLANG_WARN_INT_CONVERSION = YES;
				CLANG_WARN_OBJC_ROOT_CLASS = YES_ERROR;
				CLANG_WARN_UNREACHABLE_CODE = YES;
				CLANG_WARN__DUPLICATE_METHOD_MATCH = YES;
				"CODE_SIGN_IDENTITY[sdk=iphoneos*]" = "iPhone Developer";
				COPY_PHASE_STRIP = NO;
				DEBUG_INFORMATION_FORMAT = "dwarf-with-dsym";
				ENABLE_NS_ASSERTIONS = NO;
				ENABLE_STRICT_OBJC_MSGSEND = YES;
				GCC_C_LANGUAGE_STANDARD = gnu99;
				GCC_NO_COMMON_BLOCKS = YES;
				GCC_WARN_64_TO_32_BIT_CONVERSION = YES;
				GCC_WARN_ABOUT_RETURN_TYPE = YES_ERROR;
				GCC_WARN_UNDECLARED_SELECTOR = YES;
				GCC_WARN_UNINITIALIZED_AUTOS = YES_AGGRESSIVE;
				GCC_WARN_UNUSED_FUNCTION = YES;
				GCC_WARN_UNUSED_VARIABLE = YES;
				IPHONEOS_DEPLOYMENT_TARGET = 8.4;
				MTL_ENABLE_DEBUG_INFO = NO;
				SDKROOT = iphoneos;
				VALIDATE_PRODUCT = YES;
			};
			name = Release;
		};
		A22A70201BA7A54000CF895A /* Debug */ = {
			isa = XCBuildConfiguration;
			buildSettings = {
				ASSETCATALOG_COMPILER_APPICON_NAME = AppIcon;
				CLANG_ENABLE_MODULES = YES;
				INFOPLIST_FILE = SimpleBS/Info.plist;
				LD_RUNPATH_SEARCH_PATHS = "$(inherited) @executable_path/Frameworks";
				PRODUCT_NAME = "$(TARGET_NAME)";
				SWIFT_OBJC_BRIDGING_HEADER = "SimpleBS/SimpleBS-Bridging-Header.h";
				SWIFT_OPTIMIZATION_LEVEL = "-Onone";
			};
			name = Debug;
		};
		A22A70211BA7A54000CF895A /* Release */ = {
			isa = XCBuildConfiguration;
			buildSettings = {
				ASSETCATALOG_COMPILER_APPICON_NAME = AppIcon;
				CLANG_ENABLE_MODULES = YES;
				INFOPLIST_FILE = SimpleBS/Info.plist;
				LD_RUNPATH_SEARCH_PATHS = "$(inherited) @executable_path/Frameworks";
				PRODUCT_NAME = "$(TARGET_NAME)";
				SWIFT_OBJC_BRIDGING_HEADER = "SimpleBS/SimpleBS-Bridging-Header.h";
			};
			name = Release;
		};
		A22A70231BA7A54000CF895A /* Debug */ = {
			isa = XCBuildConfiguration;
			buildSettings = {
				BUNDLE_LOADER = "$(TEST_HOST)";
				FRAMEWORK_SEARCH_PATHS = (
					"$(SDKROOT)/Developer/Library/Frameworks",
					"$(inherited)",
				);
				GCC_PREPROCESSOR_DEFINITIONS = (
					"DEBUG=1",
					"$(inherited)",
				);
				INFOPLIST_FILE = SimpleBSTests/Info.plist;
				LD_RUNPATH_SEARCH_PATHS = "$(inherited) @executable_path/Frameworks @loader_path/Frameworks";
				PRODUCT_NAME = "$(TARGET_NAME)";
				TEST_HOST = "$(BUILT_PRODUCTS_DIR)/SimpleBS.app/SimpleBS";
			};
			name = Debug;
		};
		A22A70241BA7A54000CF895A /* Release */ = {
			isa = XCBuildConfiguration;
			buildSettings = {
				BUNDLE_LOADER = "$(TEST_HOST)";
				FRAMEWORK_SEARCH_PATHS = (
					"$(SDKROOT)/Developer/Library/Frameworks",
					"$(inherited)",
				);
				INFOPLIST_FILE = SimpleBSTests/Info.plist;
				LD_RUNPATH_SEARCH_PATHS = "$(inherited) @executable_path/Frameworks @loader_path/Frameworks";
				PRODUCT_NAME = "$(TARGET_NAME)";
				TEST_HOST = "$(BUILT_PRODUCTS_DIR)/SimpleBS.app/SimpleBS";
			};
			name = Release;
		};
/* End XCBuildConfiguration section */

/* Begin XCConfigurationList section */
		A22A6FFB1BA7A54000CF895A /* Build configuration list for PBXProject "SimpleBS" */ = {
			isa = XCConfigurationList;
			buildConfigurations = (
				A22A701D1BA7A54000CF895A /* Debug */,
				A22A701E1BA7A54000CF895A /* Release */,
			);
			defaultConfigurationIsVisible = 0;
			defaultConfigurationName = Release;
		};
		A22A701F1BA7A54000CF895A /* Build configuration list for PBXNativeTarget "SimpleBS" */ = {
			isa = XCConfigurationList;
			buildConfigurations = (
				A22A70201BA7A54000CF895A /* Debug */,
				A22A70211BA7A54000CF895A /* Release */,
			);
			defaultConfigurationIsVisible = 0;
			defaultConfigurationName = Release;
		};
		A22A70221BA7A54000CF895A /* Build configuration list for PBXNativeTarget "SimpleBSTests" */ = {
			isa = XCConfigurationList;
			buildConfigurations = (
				A22A70231BA7A54000CF895A /* Debug */,
				A22A70241BA7A54000CF895A /* Release */,
			);
			defaultConfigurationIsVisible = 0;
			defaultConfigurationName = Release;
		};
/* End XCConfigurationList section */
	};
	rootObject = A22A6FF81BA7A54000CF895A /* Project object */;
}
